{
  "requires": true,
  "lockfileVersion": 1,
  "dependencies": {
    "@patternfly/patternfly": {
      "version": "2.56.2",
      "resolved": "https://registry.npmjs.org/@patternfly/patternfly/-/patternfly-2.56.2.tgz",
      "integrity": "sha512-Vlq3kOcuQA2znA/szNnkWMGjbYdBUoY2dtWa/RttxMAauE5yGEXDHplLLBHIEA7ZooX7PlkxhdXFCm1lm340rQ=="
    }
  }
}
